
Microsoft Visual Studio Solution File, Format Version 12.00
# Visual Studio Version 16
VisualStudioVersion = 16.0.31424.327
MinimumVisualStudioVersion = 10.0.40219.1
Project("{FAE04EC0-301F-11D3-BF4B-00C04F79EFBC}") = "ApiTokenAuthentication", "ApiTokenAuthentication\ApiTokenAuthentication.csproj", "{508436DC-32FD-42D0-844C-CFDB645EC1E4}"
EndProject
Global
	GlobalSection(SolutionConfigurationPlatforms) = preSolution
		Debug|Any CPU = Debug|Any CPU
		Release|Any CPU = Release|Any CPU
	EndGlobalSection
	GlobalSection(ProjectConfigurationPlatforms) = postSolution
		{508436DC-32FD-42D0-844C-CFDB645EC1E4}.Debug|Any CPU.ActiveCfg = Debug|Any CPU
		{508436DC-32FD-42D0-844C-CFDB645EC1E4}.Debug|Any CPU.Build.0 = Debug|Any CPU
		{508436DC-32FD-42D0-844C-CFDB645EC1E4}.Release|Any CPU.ActiveCfg = Release|Any CPU
		{508436DC-32FD-42D0-844C-CFDB645EC1E4}.Release|Any CPU.Build.0 = Release|Any CPU
	EndGlobalSection
	GlobalSection(SolutionProperties) = preSolution
		HideSolutionNode = FALSE
	EndGlobalSection
	GlobalSection(ExtensibilityGlobals) = postSolution
		SolutionGuid = {FCCB333C-3EB4-4FEB-BB09-36E8DECF33B8}
	EndGlobalSection
EndGlobal
